
Microsoft Visual Studio Solution File, Format Version 12.00
# Visual Studio Version 17
VisualStudioVersion = 17.1.32113.165
MinimumVisualStudioVersion = 10.0.40219.1
Project("{FAE04EC0-301F-11D3-BF4B-00C04F79EFBC}") = "Tutor_01_GET_POST", "Tutor_01_GET_POST\Tutor_01_GET_POST.csproj", "{EA033285-6039-465D-921F-3C367A7B36C9}"
EndProject
Global
	GlobalSection(SolutionConfigurationPlatforms) = preSolution
		Debug|Any CPU = Debug|Any CPU
		Release|Any CPU = Release|Any CPU
	EndGlobalSection
	GlobalSection(ProjectConfigurationPlatforms) = postSolution
		{EA033285-6039-465D-921F-3C367A7B36C9}.Debug|Any CPU.ActiveCfg = Debug|Any CPU
		{EA033285-6039-465D-921F-3C367A7B36C9}.Debug|Any CPU.Build.0 = Debug|Any CPU
		{EA033285-6039-465D-921F-3C367A7B36C9}.Release|Any CPU.ActiveCfg = Release|Any CPU
		{EA033285-6039-465D-921F-3C367A7B36C9}.Release|Any CPU.Build.0 = Release|Any CPU
	EndGlobalSection
	GlobalSection(SolutionProperties) = preSolution
		HideSolutionNode = FALSE
	EndGlobalSection
	GlobalSection(ExtensibilityGlobals) = postSolution
		SolutionGuid = {4F5FADE0-1C80-47B1-981C-09F8F4E79665}
	EndGlobalSection
EndGlobal
