
Microsoft Visual Studio Solution File, Format Version 12.00
# Visual Studio Version 17
VisualStudioVersion = 17.1.32113.165
MinimumVisualStudioVersion = 10.0.40219.1
Project("{FAE04EC0-301F-11D3-BF4B-00C04F79EFBC}") = "Les2_Loops_And_List", "Les2_Loops_And_List\Les2_Loops_And_List.csproj", "{A9A76669-747F-410A-B4AA-8015E1E4D13B}"
EndProject
Global
	GlobalSection(SolutionConfigurationPlatforms) = preSolution
		Debug|Any CPU = Debug|Any CPU
		Release|Any CPU = Release|Any CPU
	EndGlobalSection
	GlobalSection(ProjectConfigurationPlatforms) = postSolution
		{A9A76669-747F-410A-B4AA-8015E1E4D13B}.Debug|Any CPU.ActiveCfg = Debug|Any CPU
		{A9A76669-747F-410A-B4AA-8015E1E4D13B}.Debug|Any CPU.Build.0 = Debug|Any CPU
		{A9A76669-747F-410A-B4AA-8015E1E4D13B}.Release|Any CPU.ActiveCfg = Release|Any CPU
		{A9A76669-747F-410A-B4AA-8015E1E4D13B}.Release|Any CPU.Build.0 = Release|Any CPU
	EndGlobalSection
	GlobalSection(SolutionProperties) = preSolution
		HideSolutionNode = FALSE
	EndGlobalSection
	GlobalSection(ExtensibilityGlobals) = postSolution
		SolutionGuid = {7CBB6A88-F088-481B-9098-42438A97B563}
	EndGlobalSection
EndGlobal
